
Microsoft Visual Studio Solution File, Format Version 12.00
# Visual Studio Version 17
VisualStudioVersion = 17.5.33414.496
MinimumVisualStudioVersion = 10.0.40219.1
Project("{FAE04EC0-301F-11D3-BF4B-00C04F79EFBC}") = "WebAPIProject", "WebAPIProject\WebAPIProject.csproj", "{D29F39E7-3F2B-4147-9E63-EBEB397B9D5E}"
EndProject
Global
	GlobalSection(SolutionConfigurationPlatforms) = preSolution
		Debug|Any CPU = Debug|Any CPU
		Release|Any CPU = Release|Any CPU
	EndGlobalSection
	GlobalSection(ProjectConfigurationPlatforms) = postSolution
		{D29F39E7-3F2B-4147-9E63-EBEB397B9D5E}.Debug|Any CPU.ActiveCfg = Debug|Any CPU
		{D29F39E7-3F2B-4147-9E63-EBEB397B9D5E}.Debug|Any CPU.Build.0 = Debug|Any CPU
		{D29F39E7-3F2B-4147-9E63-EBEB397B9D5E}.Release|Any CPU.ActiveCfg = Release|Any CPU
		{D29F39E7-3F2B-4147-9E63-EBEB397B9D5E}.Release|Any CPU.Build.0 = Release|Any CPU
	EndGlobalSection
	GlobalSection(SolutionProperties) = preSolution
		HideSolutionNode = FALSE
	EndGlobalSection
	GlobalSection(ExtensibilityGlobals) = postSolution
		SolutionGuid = {BE660332-ABA8-4047-99B3-49474D52CFAE}
	EndGlobalSection
EndGlobal
